
Microsoft Visual Studio Solution File, Format Version 12.00
# Visual Studio Version 17
VisualStudioVersion = 17.11.35327.3
MinimumVisualStudioVersion = 10.0.40219.1
Project("{9A19103F-16F7-4668-BE54-9A1E7A4F7556}") = "SistemaPermissoes", "SistemaPermissoes\SistemaPermissoes.csproj", "{D410ACC0-4A94-4DFA-83AD-9F7423C9E7C1}"
EndProject
Global
	GlobalSection(SolutionConfigurationPlatforms) = preSolution
		Debug|Any CPU = Debug|Any CPU
		Release|Any CPU = Release|Any CPU
	EndGlobalSection
	GlobalSection(ProjectConfigurationPlatforms) = postSolution
		{D410ACC0-4A94-4DFA-83AD-9F7423C9E7C1}.Debug|Any CPU.ActiveCfg = Debug|Any CPU
		{D410ACC0-4A94-4DFA-83AD-9F7423C9E7C1}.Debug|Any CPU.Build.0 = Debug|Any CPU
		{D410ACC0-4A94-4DFA-83AD-9F7423C9E7C1}.Release|Any CPU.ActiveCfg = Release|Any CPU
		{D410ACC0-4A94-4DFA-83AD-9F7423C9E7C1}.Release|Any CPU.Build.0 = Release|Any CPU
	EndGlobalSection
	GlobalSection(SolutionProperties) = preSolution
		HideSolutionNode = FALSE
	EndGlobalSection
	GlobalSection(ExtensibilityGlobals) = postSolution
		SolutionGuid = {53244A01-262A-42D3-B07B-68F9048D7E48}
	EndGlobalSection
EndGlobal
